Microsoft Visual Studio Solution File, Format Version 12.00
# Visual Studio Version 17
VisualStudioVersion = 17.5.2.0
MinimumVisualStudioVersion = 10.0.40219.1
Project("{FAE04EC0-301F-11D3-BF4B-00C04F79EFBC}") = "CampusSwap", "CampusSwap.csproj", "{17CFE460-E17E-6FD4-3F5B-03AA3A760416}"
EndProject
Global
	GlobalSection(SolutionConfigurationPlatforms) = preSolution
		Debug|Any CPU = Debug|Any CPU
		Release|Any CPU = Release|Any CPU
	EndGlobalSection
	GlobalSection(ProjectConfigurationPlatforms) = postSolution
		{17CFE460-E17E-6FD4-3F5B-03AA3A760416}.Debug|Any CPU.ActiveCfg = Debug|Any CPU
		{17CFE460-E17E-6FD4-3F5B-03AA3A760416}.Debug|Any CPU.Build.0 = Debug|Any CPU
		{17CFE460-E17E-6FD4-3F5B-03AA3A760416}.Release|Any CPU.ActiveCfg = Release|Any CPU
		{17CFE460-E17E-6FD4-3F5B-03AA3A760416}.Release|Any CPU.Build.0 = Release|Any CPU
	EndGlobalSection
	GlobalSection(SolutionProperties) = preSolution
		HideSolutionNode = FALSE
	EndGlobalSection
	GlobalSection(ExtensibilityGlobals) = postSolution
		SolutionGuid = {765ED715-A7A9-480D-B15C-91BED7D46C23}
	EndGlobalSection
EndGlobal
